// !$*UTF8*$!
{
	archiveVersion = 1;
	classes = {
	};
	objectVersion = 46;
	objects = {

/* Begin PBXBuildFile section */
		709FF0E53B45E4389C6A5881 /* libPods-CKDDTest.a in Frameworks */ = {isa = PBXBuildFile; fileRef = 7A37914C7851F7D49207D14E /* libPods-CKDDTest.a */; };
		7336C1311D26502900E5D592 /* main.m in Sources */ = {isa = PBXBuildFile; fileRef = 7336C1301D26502900E5D592 /* main.m */; };
		7336C1341D26502900E5D592 /* AppDelegate.m in Sources */ = {isa = PBXBuildFile; fileRef = 7336C1331D26502900E5D592 /* AppDelegate.m */; };
		7336C1371D26502900E5D592 /* ViewController.m in Sources */ = {isa = PBXBuildFile; fileRef = 7336C1361D26502900E5D592 /* ViewController.m */; };
		7336C13A1D26502900E5D592 /* Main.storyboard in Resources */ = {isa = PBXBuildFile; fileRef = 7336C1381D26502900E5D592 /* Main.storyboard */; };
		7336C13C1D26502900E5D592 /* Assets.xcassets in Resources */ = {isa = PBXBuildFile; fileRef = 7336C13B1D26502900E5D592 /* Assets.xcassets */; };
		7336C13F1D26502900E5D592 /* LaunchScreen.storyboard in Resources */ = {isa = PBXBuildFile; fileRef = 7336C13D1D26502900E5D592 /* LaunchScreen.storyboard */; };
		734806BE1D2A3AA600D52E04 /* SecondViewController.m in Sources */ = {isa = PBXBuildFile; fileRef = 734806BD1D2A3AA600D52E04 /* SecondViewController.m */; };
		734806C11D2A418500D52E04 /* push.json in Resources */ = {isa = PBXBuildFile; fileRef = 734806C01D2A418500D52E04 /* push.json */; };
		734806C31D2A42CD00D52E04 /* setPropertyAndPush.json in Resources */ = {isa = PBXBuildFile; fileRef = 734806C21D2A42CD00D52E04 /* setPropertyAndPush.json */; };
		735D317D1D2A4C7000EAA463 /* setCustomPropertyAndPush.json in Resources */ = {isa = PBXBuildFile; fileRef = 735D317C1D2A4C7000EAA463 /* setCustomPropertyAndPush.json */; };
		735D317F1D2A523700EAA463 /* executeInstanceMethodAndPush.json in Resources */ = {isa = PBXBuildFile; fileRef = 735D317E1D2A523700EAA463 /* executeInstanceMethodAndPush.json */; };
		735D31811D2A549E00EAA463 /* executeClassMethod.json in Resources */ = {isa = PBXBuildFile; fileRef = 735D31801D2A549E00EAA463 /* executeClassMethod.json */; };
/* End PBXBuildFile section */

/* Begin PBXFileReference section */
		7336C12C1D26502900E5D592 /* CKDDTest.app */ = {isa = PBXFileReference; explicitFileType = wrapper.application; includeInIndex = 0; path = CKDDTest.app; sourceTree = BUILT_PRODUCTS_DIR; };
		7336C1301D26502900E5D592 /* main.m */ = {isa = PBXFileReference; lastKnownFileType = sourcecode.c.objc; path = main.m; sourceTree = "<group>"; };
		7336C1321D26502900E5D592 /* AppDelegate.h */ = {isa = PBXFileReference; lastKnownFileType = sourcecode.c.h; path = AppDelegate.h; sourceTree = "<group>"; };
		7336C1331D26502900E5D592 /* AppDelegate.m */ = {isa = PBXFileReference; lastKnownFileType = sourcecode.c.objc; path = AppDelegate.m; sourceTree = "<group>"; };
		7336C1351D26502900E5D592 /* ViewController.h */ = {isa = PBXFileReference; lastKnownFileType = sourcecode.c.h; path = ViewController.h; sourceTree = "<group>"; };
		7336C1361D26502900E5D592 /* ViewController.m */ = {isa = PBXFileReference; lastKnownFileType = sourcecode.c.objc; path = ViewController.m; sourceTree = "<group>"; };
		7336C1391D26502900E5D592 /* Base */ = {isa = PBXFileReference; lastKnownFileType = file.storyboard; name = Base; path = Base.lproj/Main.storyboard; sourceTree = "<group>"; };
		7336C13B1D26502900E5D592 /* Assets.xcassets */ = {isa = PBXFileReference; lastKnownFileType = folder.assetcatalog; path = Assets.xcassets; sourceTree = "<group>"; };
		7336C13E1D26502900E5D592 /* Base */ = {isa = PBXFileReference; lastKnownFileType = file.storyboard; name = Base; path = Base.lproj/LaunchScreen.storyboard; sourceTree = "<group>"; };
		7336C1401D26502900E5D592 /* Info.plist */ = {isa = PBXFileReference; lastKnownFileType = text.plist.xml; path = Info.plist; sourceTree = "<group>"; };
		734806BC1D2A3AA600D52E04 /* SecondViewController.h */ = {isa = PBXFileReference; fileEncoding = 4; lastKnownFileType = sourcecode.c.h; path = SecondViewController.h; sourceTree = "<group>"; };
		734806BD1D2A3AA600D52E04 /* SecondViewController.m */ = {isa = PBXFileReference; fileEncoding = 4; lastKnownFileType = sourcecode.c.objc; path = SecondViewController.m; sourceTree = "<group>"; };
		734806C01D2A418500D52E04 /* push.json */ = {isa = PBXFileReference; fileEncoding = 4; lastKnownFileType = text.json; path = push.json; sourceTree = "<group>"; };
		734806C21D2A42CD00D52E04 /* setPropertyAndPush.json */ = {isa = PBXFileReference; fileEncoding = 4; lastKnownFileType = text.json; path = setPropertyAndPush.json; sourceTree = "<group>"; };
		735D317C1D2A4C7000EAA463 /* setCustomPropertyAndPush.json */ = {isa = PBXFileReference; fileEncoding = 4; lastKnownFileType = text.json; path = setCustomPropertyAndPush.json; sourceTree = "<group>"; };
		735D317E1D2A523700EAA463 /* executeInstanceMethodAndPush.json */ = {isa = PBXFileReference; fileEncoding = 4; lastKnownFileType = text.json; path = executeInstanceMethodAndPush.json; sourceTree = "<group>"; };
		735D31801D2A549E00EAA463 /* executeClassMethod.json */ = {isa = PBXFileReference; fileEncoding = 4; lastKnownFileType = text.json; path = executeClassMethod.json; sourceTree = "<group>"; };
		7A37914C7851F7D49207D14E /* libPods-CKDDTest.a */ = {isa = PBXFileReference; explicitFileType = archive.ar; includeInIndex = 0; path = "libPods-CKDDTest.a"; sourceTree = BUILT_PRODUCTS_DIR; };
		DD953F184BC754850C3EC2C0 /* Pods-CKDDTest.debug.xcconfig */ = {isa = PBXFileReference; includeInIndex = 1; lastKnownFileType = text.xcconfig; name = "Pods-CKDDTest.debug.xcconfig"; path = "Pods/Target Support Files/Pods-CKDDTest/Pods-CKDDTest.debug.xcconfig"; sourceTree = "<group>"; };
		E19AB77C8DDE7F8B874BCAE5 /* Pods-CKDDTest.release.xcconfig */ = {isa = PBXFileReference; includeInIndex = 1; lastKnownFileType = text.xcconfig; name = "Pods-CKDDTest.release.xcconfig"; path = "Pods/Target Support Files/Pods-CKDDTest/Pods-CKDDTest.release.xcconfig"; sourceTree = "<group>"; };
/* End PBXFileReference section */

/* Begin PBXFrameworksBuildPhase section */
		7336C1291D26502900E5D592 /* Frameworks */ = {
			isa = PBXFrameworksBuildPhase;
			buildActionMask = 2147483647;
			files = (
				709FF0E53B45E4389C6A5881 /* libPods-CKDDTest.a in Frameworks */,
			);
			runOnlyForDeploymentPostprocessing = 0;
		};
/* End PBXFrameworksBuildPhase section */

/* Begin PBXGroup section */
		24DEE83ACB6A01D55100C6C4 /* Frameworks */ = {
			isa = PBXGroup;
			children = (
				7A37914C7851F7D49207D14E /* libPods-CKDDTest.a */,
			);
			name = Frameworks;
			sourceTree = "<group>";
		};
		7336C1231D26502900E5D592 = {
			isa = PBXGroup;
			children = (
				7336C12E1D26502900E5D592 /* CKDDTest */,
				7336C12D1D26502900E5D592 /* Products */,
				B0602927E826A9B4F88BB950 /* Pods */,
				24DEE83ACB6A01D55100C6C4 /* Frameworks */,
			);
			sourceTree = "<group>";
		};
		7336C12D1D26502900E5D592 /* Products */ = {
			isa = PBXGroup;
			children = (
				7336C12C1D26502900E5D592 /* CKDDTest.app */,
			);
			name = Products;
			sourceTree = "<group>";
		};
		7336C12E1D26502900E5D592 /* CKDDTest */ = {
			isa = PBXGroup;
			children = (
				7336C1321D26502900E5D592 /* AppDelegate.h */,
				7336C1331D26502900E5D592 /* AppDelegate.m */,
				7336C1351D26502900E5D592 /* ViewController.h */,
				7336C1361D26502900E5D592 /* ViewController.m */,
				734806BC1D2A3AA600D52E04 /* SecondViewController.h */,
				734806BD1D2A3AA600D52E04 /* SecondViewController.m */,
				7336C1381D26502900E5D592 /* Main.storyboard */,
				7336C13B1D26502900E5D592 /* Assets.xcassets */,
				7336C13D1D26502900E5D592 /* LaunchScreen.storyboard */,
				7336C1401D26502900E5D592 /* Info.plist */,
				734806BF1D2A416100D52E04 /* DispatchInstruction */,
				7336C12F1D26502900E5D592 /* Supporting Files */,
			);
			path = CKDDTest;
			sourceTree = "<group>";
		};
		7336C12F1D26502900E5D592 /* Supporting Files */ = {
			isa = PBXGroup;
			children = (
				7336C1301D26502900E5D592 /* main.m */,
			);
			name = "Supporting Files";
			sourceTree = "<group>";
		};
		734806BF1D2A416100D52E04 /* DispatchInstruction */ = {
			isa = PBXGroup;
			children = (
				734806C01D2A418500D52E04 /* push.json */,
				734806C21D2A42CD00D52E04 /* setPropertyAndPush.json */,
				735D317C1D2A4C7000EAA463 /* setCustomPropertyAndPush.json */,
				735D317E1D2A523700EAA463 /* executeInstanceMethodAndPush.json */,
				735D31801D2A549E00EAA463 /* executeClassMethod.json */,
			);
			path = DispatchInstruction;
			sourceTree = "<group>";
		};
		B0602927E826A9B4F88BB950 /* Pods */ = {
			isa = PBXGroup;
			children = (
				DD953F184BC754850C3EC2C0 /* Pods-CKDDTest.debug.xcconfig */,
				E19AB77C8DDE7F8B874BCAE5 /* Pods-CKDDTest.release.xcconfig */,
			);
			name = Pods;
			sourceTree = "<group>";
		};
/* End PBXGroup section */

/* Begin PBXNativeTarget section */
		7336C12B1D26502900E5D592 /* CKDDTest */ = {
			isa = PBXNativeTarget;
			buildConfigurationList = 7336C1431D26502900E5D592 /* Build configuration list for PBXNativeTarget "CKDDTest" */;
			buildPhases = (
				33808E3FF89F5E739441766A /* [CP] Check Pods Manifest.lock */,
				7336C1281D26502900E5D592 /* Sources */,
				7336C1291D26502900E5D592 /* Frameworks */,
				7336C12A1D26502900E5D592 /* Resources */,
				D66A77DC0D7BEC972D9EC745 /* [CP] Embed Pods Frameworks */,
				A31D5E5B62396136387B776E /* [CP] Copy Pods Resources */,
			);
			buildRules = (
			);
			dependencies = (
			);
			name = CKDDTest;
			productName = CKDDTest;
			productReference = 7336C12C1D26502900E5D592 /* CKDDTest.app */;
			productType = "com.apple.product-type.application";
		};
/* End PBXNativeTarget section */

/* Begin PBXProject section */
		7336C1241D26502900E5D592 /* Project object */ = {
			isa = PBXProject;
			attributes = {
				LastUpgradeCheck = 0730;
				ORGANIZATIONNAME = EasyBenefit;
				TargetAttributes = {
					7336C12B1D26502900E5D592 = {
						CreatedOnToolsVersion = 7.3.1;
						DevelopmentTeam = U27SJFJMW2;
					};
				};
			};
			buildConfigurationList = 7336C1271D26502900E5D592 /* Build configuration list for PBXProject "CKDDTest" */;
			compatibilityVersion = "Xcode 3.2";
			developmentRegion = English;
			hasScannedForEncodings = 0;
			knownRegions = (
				en,
				Base,
			);
			mainGroup = 7336C1231D26502900E5D592;
			productRefGroup = 7336C12D1D26502900E5D592 /* Products */;
			projectDirPath = "";
			projectRoot = "";
			targets = (
				7336C12B1D26502900E5D592 /* CKDDTest */,
			);
		};
/* End PBXProject section */

/* Begin PBXResourcesBuildPhase section */
		7336C12A1D26502900E5D592 /* Resources */ = {
			isa = PBXResourcesBuildPhase;
			buildActionMask = 2147483647;
			files = (
				735D317D1D2A4C7000EAA463 /* setCustomPropertyAndPush.json in Resources */,
				735D31811D2A549E00EAA463 /* executeClassMethod.json in Resources */,
				7336C13F1D26502900E5D592 /* LaunchScreen.storyboard in Resources */,
				734806C31D2A42CD00D52E04 /* setPropertyAndPush.json in Resources */,
				734806C11D2A418500D52E04 /* push.json in Resources */,
				735D317F1D2A523700EAA463 /* executeInstanceMethodAndPush.json in Resources */,
				7336C13C1D26502900E5D592 /* Assets.xcassets in Resources */,
				7336C13A1D26502900E5D592 /* Main.storyboard in Resources */,
			);
			runOnlyForDeploymentPostprocessing = 0;
		};
/* End PBXResourcesBuildPhase section */

/* Begin PBXShellScriptBuildPhase section */
		33808E3FF89F5E739441766A /* [CP] Check Pods Manifest.lock */ = {
			isa = PBXShellScriptBuildPhase;
			buildActionMask = 2147483647;
			files = (
			);
			inputPaths = (
			);
			name = "[CP] Check Pods Manifest.lock";
			outputPaths = (
			);
			runOnlyForDeploymentPostprocessing = 0;
			shellPath = /bin/sh;
			shellScript = "diff \"${PODS_ROOT}/../Podfile.lock\" \"${PODS_ROOT}/Manifest.lock\" > /dev/null\nif [[ $? != 0 ]] ; then\n    cat << EOM\nerror: The sandbox is not in sync with the Podfile.lock. Run 'pod install' or update your CocoaPods installation.\nEOM\n    exit 1\nfi\n";
			showEnvVarsInLog = 0;
		};
		A31D5E5B62396136387B776E /* [CP] Copy Pods Resources */ = {
			isa = PBXShellScriptBuildPhase;
			buildActionMask = 2147483647;
			files = (
			);
			inputPaths = (
			);
			name = "[CP] Copy Pods Resources";
			outputPaths = (
			);
			runOnlyForDeploymentPostprocessing = 0;
			shellPath = /bin/sh;
			shellScript = "\"${SRCROOT}/Pods/Target Support Files/Pods-CKDDTest/Pods-CKDDTest-resources.sh\"\n";
			showEnvVarsInLog = 0;
		};
		D66A77DC0D7BEC972D9EC745 /* [CP] Embed Pods Frameworks */ = {
			isa = PBXShellScriptBuildPhase;
			buildActionMask = 2147483647;
			files = (
			);
			inputPaths = (
			);
			name = "[CP] Embed Pods Frameworks";
			outputPaths = (
			);
			runOnlyForDeploymentPostprocessing = 0;
			shellPath = /bin/sh;
			shellScript = "\"${SRCROOT}/Pods/Target Support Files/Pods-CKDDTest/Pods-CKDDTest-frameworks.sh\"\n";
			showEnvVarsInLog = 0;
		};
/* End PBXShellScriptBuildPhase section */

/* Begin PBXSourcesBuildPhase section */
		7336C1281D26502900E5D592 /* Sources */ = {
			isa = PBXSourcesBuildPhase;
			buildActionMask = 2147483647;
			files = (
				7336C1371D26502900E5D592 /* ViewController.m in Sources */,
				734806BE1D2A3AA600D52E04 /* SecondViewController.m in Sources */,
				7336C1341D26502900E5D592 /* AppDelegate.m in Sources */,
				7336C1311D26502900E5D592 /* main.m in Sources */,
			);
			runOnlyForDeploymentPostprocessing = 0;
		};
/* End PBXSourcesBuildPhase section */

/* Begin PBXVariantGroup section */
		7336C1381D26502900E5D592 /* Main.storyboard */ = {
			isa = PBXVariantGroup;
			children = (
				7336C1391D26502900E5D592 /* Base */,
			);
			name = Main.storyboard;
			sourceTree = "<group>";
		};
		7336C13D1D26502900E5D592 /* LaunchScreen.storyboard */ = {
			isa = PBXVariantGroup;
			children = (
				7336C13E1D26502900E5D592 /* Base */,
			);
			name = LaunchScreen.storyboard;
			sourceTree = "<group>";
		};
/* End PBXVariantGroup section */

/* Begin XCBuildConfiguration section */
		7336C1411D26502900E5D592 /* Debug */ = {
			isa = XCBuildConfiguration;
			buildSettings = {
				ALWAYS_SEARCH_USER_PATHS = NO;
				CLANG_ANALYZER_NONNULL = YES;
				CLANG_CXX_LANGUAGE_STANDARD = "gnu++0x";
				CLANG_CXX_LIBRARY = "libc++";
				CLANG_ENABLE_MODULES = YES;
				CLANG_ENABLE_OBJC_ARC = YES;
				CLANG_WARN_BOOL_CONVERSION = YES;
				CLANG_WARN_CONSTANT_CONVERSION = YES;
				CLANG_WARN_DIRECT_OBJC_ISA_USAGE = YES_ERROR;
				CLANG_WARN_EMPTY_BODY = YES;
				CLANG_WARN_ENUM_CONVERSION = YES;
				CLANG_WARN_INT_CONVERSION = YES;
				CLANG_WARN_OBJC_ROOT_CLASS = YES_ERROR;
				CLANG_WARN_UNREACHABLE_CODE = YES;
				CLANG_WARN__DUPLICATE_METHOD_MATCH = YES;
				"CODE_SIGN_IDENTITY[sdk=iphoneos*]" = "iPhone Developer";
				COPY_PHASE_STRIP = NO;
				DEBUG_INFORMATION_FORMAT = dwarf;
				ENABLE_STRICT_OBJC_MSGSEND = YES;
				ENABLE_TESTABILITY = YES;
				GCC_C_LANGUAGE_STANDARD = gnu99;
				GCC_DYNAMIC_NO_PIC = NO;
				GCC_NO_COMMON_BLOCKS = YES;
				GCC_OPTIMIZATION_LEVEL = 0;
				GCC_PREPROCESSOR_DEFINITIONS = (
					"DEBUG=1",
					"$(inherited)",
				);
				GCC_WARN_64_TO_32_BIT_CONVERSION = YES;
				GCC_WARN_ABOUT_RETURN_TYPE = YES_ERROR;
				GCC_WARN_UNDECLARED_SELECTOR = YES;
				GCC_WARN_UNINITIALIZED_AUTOS = YES_AGGRESSIVE;
				GCC_WARN_UNUSED_FUNCTION = YES;
				GCC_WARN_UNUSED_VARIABLE = YES;
				IPHONEOS_DEPLOYMENT_TARGET = 9.3;
				MTL_ENABLE_DEBUG_INFO = YES;
				ONLY_ACTIVE_ARCH = YES;
				SDKROOT = iphoneos;
			};
			name = Debug;
		};
		7336C1421D26502900E5D592 /* Release */ = {
			isa = XCBuildConfiguration;
			buildSettings = {
				ALWAYS_SEARCH_USER_PATHS = NO;
				CLANG_ANALYZER_NONNULL = YES;
				CLANG_CXX_LANGUAGE_STANDARD = "gnu++0x";
				CLANG_CXX_LIBRARY = "libc++";
				CLANG_ENABLE_MODULES = YES;
				CLANG_ENABLE_OBJC_ARC = YES;
				CLANG_WARN_BOOL_CONVERSION = YES;
				CLANG_WARN_CONSTANT_CONVERSION = YES;
				CLANG_WARN_DIRECT_OBJC_ISA_USAGE = YES_ERROR;
				CLANG_WARN_EMPTY_BODY = YES;
				CLANG_WARN_ENUM_CONVERSION = YES;
				CLANG_WARN_INT_CONVERSION = YES;
				CLANG_WARN_OBJC_ROOT_CLASS = YES_ERROR;
				CLANG_WARN_UNREACHABLE_CODE = YES;
				CLANG_WARN__DUPLICATE_METHOD_MATCH = YES;
				"CODE_SIGN_IDENTITY[sdk=iphoneos*]" = "iPhone Developer";
				COPY_PHASE_STRIP = NO;
				DEBUG_INFORMATION_FORMAT = "dwarf-with-dsym";
				ENABLE_NS_ASSERTIONS = NO;
				ENABLE_STRICT_OBJC_MSGSEND = YES;
				GCC_C_LANGUAGE_STANDARD = gnu99;
				GCC_NO_COMMON_BLOCKS = YES;
				GCC_WARN_64_TO_32_BIT_CONVERSION = YES;
				GCC_WARN_ABOUT_RETURN_TYPE = YES_ERROR;
				GCC_WARN_UNDECLARED_SELECTOR = YES;
				GCC_WARN_UNINITIALIZED_AUTOS = YES_AGGRESSIVE;
				GCC_WARN_UNUSED_FUNCTION = YES;
				GCC_WARN_UNUSED_VARIABLE = YES;
				IPHONEOS_DEPLOYMENT_TARGET = 9.3;
				MTL_ENABLE_DEBUG_INFO = NO;
				SDKROOT = iphoneos;
				VALIDATE_PRODUCT = YES;
			};
			name = Release;
		};
		7336C1441D26502900E5D592 /* Debug */ = {
			isa = XCBuildConfiguration;
			baseConfigurationReference = DD953F184BC754850C3EC2C0 /* Pods-CKDDTest.debug.xcconfig */;
			buildSettings = {
				ASSETCATALOG_COMPILER_APPICON_NAME = AppIcon;
				CODE_SIGN_IDENTITY = "iPhone Developer";
				INFOPLIST_FILE = CKDDTest/Info.plist;
				LD_RUNPATH_SEARCH_PATHS = "$(inherited) @executable_path/Frameworks";
				PRODUCT_BUNDLE_IDENTIFIER = com.easyBenefitEnterprise.breatheDoctor;
				PRODUCT_NAME = "$(TARGET_NAME)";
			};
			name = Debug;
		};
		7336C1451D26502900E5D592 /* Release */ = {
			isa = XCBuildConfiguration;
			baseConfigurationReference = E19AB77C8DDE7F8B874BCAE5 /* Pods-CKDDTest.release.xcconfig */;
			buildSettings = {
				ASSETCATALOG_COMPILER_APPICON_NAME = AppIcon;
				CODE_SIGN_IDENTITY = "iPhone Developer";
				INFOPLIST_FILE = CKDDTest/Info.plist;
				LD_RUNPATH_SEARCH_PATHS = "$(inherited) @executable_path/Frameworks";
				PRODUCT_BUNDLE_IDENTIFIER = com.easyBenefitEnterprise.breatheDoctor;
				PRODUCT_NAME = "$(TARGET_NAME)";
			};
			name = Release;
		};
/* End XCBuildConfiguration section */

/* Begin XCConfigurationList section */
		7336C1271D26502900E5D592 /* Build configuration list for PBXProject "CKDDTest" */ = {
			isa = XCConfigurationList;
			buildConfigurations = (
				7336C1411D26502900E5D592 /* Debug */,
				7336C1421D26502900E5D592 /* Release */,
			);
			defaultConfigurationIsVisible = 0;
			defaultConfigurationName = Release;
		};
		7336C1431D26502900E5D592 /* Build configuration list for PBXNativeTarget "CKDDTest" */ = {
			isa = XCConfigurationList;
			buildConfigurations = (
				7336C1441D26502900E5D592 /* Debug */,
				7336C1451D26502900E5D592 /* Release */,
			);
			defaultConfigurationIsVisible = 0;
			defaultConfigurationName = Release;
		};
/* End XCConfigurationList section */
	};
	rootObject = 7336C1241D26502900E5D592 /* Project object */;
}
